
Microsoft Visual Studio Solution File, Format Version 12.00
# Visual Studio Version 16
VisualStudioVersion = 16.0.32510.428
MinimumVisualStudioVersion = 10.0.40219.1
Project("{FAE04EC0-301F-11D3-BF4B-00C04F79EFBC}") = "WebApp", "WebApp\WebApp.csproj", "{3485141A-75A6-4F4F-B850-298A0DFEC05C}"
EndProject
Global
	GlobalSection(SolutionConfigurationPlatforms) = preSolution
		Debug|Any CPU = Debug|Any CPU
		Release|Any CPU = Release|Any CPU
	EndGlobalSection
	GlobalSection(ProjectConfigurationPlatforms) = postSolution
		{3485141A-75A6-4F4F-B850-298A0DFEC05C}.Debug|Any CPU.ActiveCfg = Debug|Any CPU
		{3485141A-75A6-4F4F-B850-298A0DFEC05C}.Debug|Any CPU.Build.0 = Debug|Any CPU
		{3485141A-75A6-4F4F-B850-298A0DFEC05C}.Release|Any CPU.ActiveCfg = Release|Any CPU
		{3485141A-75A6-4F4F-B850-298A0DFEC05C}.Release|Any CPU.Build.0 = Release|Any CPU
	EndGlobalSection
	GlobalSection(SolutionProperties) = preSolution
		HideSolutionNode = FALSE
	EndGlobalSection
	GlobalSection(ExtensibilityGlobals) = postSolution
		SolutionGuid = {1BC49532-584F-4D3D-8917-246110798055}
	EndGlobalSection
EndGlobal
